<?xml version="1.0" encoding="utf-8"?>
<Project ToolsVersion="4.0" xmlns="http://schemas.microsoft.com/developer/msbuild/2003">
  <ItemGroup>
    <Filter Include="Source Files">
      <UniqueIdentifier>{4FC737F1-C7A5-4376-A066-2A32D752A2FF}</UniqueIdentifier>
      <Extensions>cpp;c;cc;cxx;def;odl;idl;hpj;bat;asm;asmx</Extensions>
    </Filter>
    <Filter Include="Header Files">
      <UniqueIdentifier>{93995380-89BD-4b04-88EB-625FBE52EBFB}</UniqueIdentifier>
      <Extensions>h;hh;hpp;hxx;hm;inl;inc;xsd</Extensions>
    </Filter>
    <Filter Include="Resource Files">
      <UniqueIdentifier>{67DA6AB6-F800-4c08-8B7A-83BB121AAD01}</UniqueIdentifier>
      <Extensions>rc;ico;cur;bmp;dlg;rc2;rct;bin;rgs;gif;jpg;jpeg;jpe;resx;tiff;tif;png;wav;mfcribbon-ms</Extensions>
    </Filter>
    <Filter Include="Source Files\Other">
      <UniqueIdentifier>{f4cf45e9-3078-48bd-80ac-c94ba0dd3380}</UniqueIdentifier>
    </Filter>
    <Filter Include="Header Files\Other">
      <UniqueIdentifier>{00172b88-faf3-4464-8244-d2d10afbefc1}</UniqueIdentifier>
    </Filter>
    <Filter Include="Source Files\Base">
      <UniqueIdentifier>{1b40be20-5440-4c23-baba-1c59fb148cfa}</UniqueIdentifier>
    </Filter>
    <Filter Include="Header Files\Base">
      <UniqueIdentifier>{9d5429a3-c75a-4c41-b081-e0db7215cd99}</UniqueIdentifier>
    </Filter>
    <Filter Include="Source Files\Menu">
      <UniqueIdentifier>{5bf92528-e45c-4a9b-9e9c-5d758a6bdf4b}</UniqueIdentifier>
    </Filter>
    <Filter Include="Source Files\Scenes">
      <UniqueIdentifier>{f9e78229-c3f3-4c52-a830-34e050dda7e5}</UniqueIdentifier>
    </Filter>
    <Filter Include="Source Files\Scenes\Base">
      <UniqueIdentifier>{6078ed81-15f2-489f-9b34-053ef7e4599b}</UniqueIdentifier>
    </Filter>
    <Filter Include="Header Files\Scenes">
      <UniqueIdentifier>{e57618b7-e08a-4f7f-a517-f4039c4a79d2}</UniqueIdentifier>
    </Filter>
    <Filter Include="Header Files\Menu">
      <UniqueIdentifier>{b0b12659-81c0-453f-b858-1c6bf0eb87c0}</UniqueIdentifier>
    </Filter>
    <Filter Include="Header Files\Scenes\Base">
      <UniqueIdentifier>{22d44231-ad90-4d34-927e-5aa72e56a178}</UniqueIdentifier>
    </Filter>
    <Filter Include="Source Files\Game">
      <UniqueIdentifier>{fb0b0910-7853-4536-9414-97118bf3a812}</UniqueIdentifier>
    </Filter>
    <Filter Include="Header Files\Game">
      <UniqueIdentifier>{ed788f59-ae94-4031-8376-60d8f18917ac}</UniqueIdentifier>
    </Filter>
    <Filter Include="Source Files\Game\weapons">
      <UniqueIdentifier>{54a53300-d497-449e-b293-5e2685baccb4}</UniqueIdentifier>
    </Filter>
    <Filter Include="Source Files\Game\projectiles">
      <UniqueIdentifier>{52aa8e9b-2115-42d8-ba07-e867f1ab543c}</UniqueIdentifier>
    </Filter>
    <Filter Include="Header Files\Game\projectiles">
      <UniqueIdentifier>{b9f2a2db-c333-4cf8-9e03-cf7abe00738b}</UniqueIdentifier>
    </Filter>
    <Filter Include="Header Files\Game\weapons">
      <UniqueIdentifier>{a3917e08-bac3-4609-b715-74b758cf7f51}</UniqueIdentifier>
    </Filter>
    <Filter Include="Header Files\Game\enemies">
      <UniqueIdentifier>{ea743a42-13d9-44c5-9bda-9add127fc773}</UniqueIdentifier>
    </Filter>
    <Filter Include="Source Files\Game\enemies">
      <UniqueIdentifier>{80735262-a6bb-4a0f-9950-791ad5971136}</UniqueIdentifier>
    </Filter>
    <Filter Include="Source Files\Game\hud">
      <UniqueIdentifier>{12bb458f-f2ac-48bd-b2d0-2b0fd3dd928c}</UniqueIdentifier>
    </Filter>
    <Filter Include="Header Files\Game\hud">
      <UniqueIdentifier>{e9a0598e-d6e3-49a6-9bdc-6b307d5eab37}</UniqueIdentifier>
    </Filter>
    <Filter Include="Header Files\Game\powerups">
      <UniqueIdentifier>{d88ba4c2-e9d0-416b-b6d8-2c98997c1d3c}</UniqueIdentifier>
    </Filter>
    <Filter Include="Source Files\Game\powerups">
      <UniqueIdentifier>{466a9e35-2b35-4b30-91ad-d0e30bfb4799}</UniqueIdentifier>
    </Filter>
  </ItemGroup>
  <ItemGroup>
    <ClInclude Include="game.h">
      <Filter>Header Files</Filter>
    </ClInclude>
    <ClInclude Include="helper.h">
      <Filter>Header Files\Other</Filter>
    </ClInclude>
    <ClInclude Include="resource.h">
      <Filter>Header Files\Other</Filter>
    </ClInclude>
    <ClInclude Include="stdafx.h">
      <Filter>Header Files\Other</Filter>
    </ClInclude>
    <ClInclude Include="targetver.h">
      <Filter>Header Files\Other</Filter>
    </ClInclude>
    <ClInclude Include="resourcehandler.h">
      <Filter>Header Files\Other</Filter>
    </ClInclude>
    <ClInclude Include="button.h">
      <Filter>Header Files\Menu</Filter>
    </ClInclude>
    <ClInclude Include="label.h">
      <Filter>Header Files\Menu</Filter>
    </ClInclude>
    <ClInclude Include="menu_element.h">
      <Filter>Header Files\Menu</Filter>
    </ClInclude>
    <ClInclude Include="textbox.h">
      <Filter>Header Files\Menu</Filter>
    </ClInclude>
    <ClInclude Include="menu_base.h">
      <Filter>Header Files\Scenes\Base</Filter>
    </ClInclude>
    <ClInclude Include="scene.h">
      <Filter>Header Files\Scenes\Base</Filter>
    </ClInclude>
    <ClInclude Include="menu_manager.h">
      <Filter>Header Files\Menu</Filter>
    </ClInclude>
    <ClInclude Include="level_base.h">
      <Filter>Header Files\Scenes\Base</Filter>
    </ClInclude>
    <ClInclude Include="level1.h">
      <Filter>Header Files\Scenes</Filter>
    </ClInclude>
    <ClInclude Include="game_object.h">
      <Filter>Header Files\Base</Filter>
    </ClInclude>
    <ClInclude Include="character.h">
      <Filter>Header Files\Game</Filter>
    </ClInclude>
    <ClInclude Include="player.h">
      <Filter>Header Files\Game</Filter>
    </ClInclude>
    <ClInclude Include="main_menu.h">
      <Filter>Header Files\Scenes</Filter>
    </ClInclude>
    <ClInclude Include="gc_projectile.h">
      <Filter>Header Files\Game\projectiles</Filter>
    </ClInclude>
    <ClInclude Include="heart_projectile.h">
      <Filter>Header Files\Game\projectiles</Filter>
    </ClInclude>
    <ClInclude Include="projectile.h">
      <Filter>Header Files\Game\projectiles</Filter>
    </ClInclude>
    <ClInclude Include="gc_weapon.h">
      <Filter>Header Files\Game\weapons</Filter>
    </ClInclude>
    <ClInclude Include="heart_weapon.h">
      <Filter>Header Files\Game\weapons</Filter>
    </ClInclude>
    <ClInclude Include="weapon.h">
      <Filter>Header Files\Game\weapons</Filter>
    </ClInclude>
    <ClInclude Include="enemy.h">
      <Filter>Header Files\Game\enemies</Filter>
    </ClInclude>
    <ClInclude Include="GC_enemy.h">
      <Filter>Header Files\Game\enemies</Filter>
    </ClInclude>
    <ClInclude Include="orc_enemy.h">
      <Filter>Header Files\Game\enemies</Filter>
    </ClInclude>
    <ClInclude Include="orc_weapon.h">
      <Filter>Header Files\Game\weapons</Filter>
    </ClInclude>
    <ClInclude Include="orc_projectile.h">
      <Filter>Header Files\Game\projectiles</Filter>
    </ClInclude>
    <ClInclude Include="ken_enemy.h">
      <Filter>Header Files\Game\enemies</Filter>
    </ClInclude>
    <ClInclude Include="ken_weapon.h">
      <Filter>Header Files\Game\weapons</Filter>
    </ClInclude>
    <ClInclude Include="ken_projectile.h">
      <Filter>Header Files\Game\projectiles</Filter>
    </ClInclude>
    <ClInclude Include="collision.h">
      <Filter>Header Files\Other</Filter>
    </ClInclude>
    <ClInclude Include="player_projectile.h">
      <Filter>Header Files\Game\projectiles</Filter>
    </ClInclude>
    <ClInclude Include="enemy_projectile.h">
      <Filter>Header Files\Game\projectiles</Filter>
    </ClInclude>
    <ClInclude Include="wave.h">
      <Filter>Header Files\Game</Filter>
    </ClInclude>
    <ClInclude Include="deque.h">
      <Filter>Header Files</Filter>
    </ClInclude>
    <ClInclude Include="queue.h">
      <Filter>Header Files</Filter>
    </ClInclude>
    <ClInclude Include="stack.h">
      <Filter>Header Files</Filter>
    </ClInclude>
    <ClInclude Include="lol_enemy.h">
      <Filter>Header Files\Game\enemies</Filter>
    </ClInclude>
    <ClInclude Include="lol_weapon.h">
      <Filter>Header Files\Game\weapons</Filter>
    </ClInclude>
    <ClInclude Include="lol_projectile.h">
      <Filter>Header Files\Game\projectiles</Filter>
    </ClInclude>
    <ClInclude Include="hud.h">
      <Filter>Header Files\Game\hud</Filter>
    </ClInclude>
    <ClInclude Include="iobserver.h">
      <Filter>Header Files\Other</Filter>
    </ClInclude>
    <ClInclude Include="subject.h">
      <Filter>Header Files\Other</Filter>
    </ClInclude>
    <ClInclude Include="cloud9_enemy.h">
      <Filter>Header Files\Game\enemies</Filter>
    </ClInclude>
    <ClInclude Include="cloud9_weapon.h">
      <Filter>Header Files\Game\weapons</Filter>
    </ClInclude>
    <ClInclude Include="colliable_object.h">
      <Filter>Header Files\Base</Filter>
    </ClInclude>
    <ClInclude Include="list.h">
      <Filter>Header Files</Filter>
    </ClInclude>
    <ClInclude Include="powerup.h">
      <Filter>Header Files\Game\powerups</Filter>
    </ClInclude>
    <ClInclude Include="non_character.h">
      <Filter>Header Files\Base</Filter>
    </ClInclude>
  </ItemGroup>
  <ItemGroup>
    <ClCompile Include="game.cpp">
      <Filter>Source Files</Filter>
    </ClCompile>
    <ClCompile Include="main.cpp">
      <Filter>Source Files\Other</Filter>
    </ClCompile>
    <ClCompile Include="stdafx.cpp">
      <Filter>Source Files\Other</Filter>
    </ClCompile>
    <ClCompile Include="resourcehandler.cpp">
      <Filter>Source Files\Other</Filter>
    </ClCompile>
    <ClCompile Include="button.cpp">
      <Filter>Source Files\Menu</Filter>
    </ClCompile>
    <ClCompile Include="label.cpp">
      <Filter>Source Files\Menu</Filter>
    </ClCompile>
    <ClCompile Include="menu_element.cpp">
      <Filter>Source Files\Menu</Filter>
    </ClCompile>
    <ClCompile Include="menu_manager.cpp">
      <Filter>Source Files\Menu</Filter>
    </ClCompile>
    <ClCompile Include="textbox.cpp">
      <Filter>Source Files\Menu</Filter>
    </ClCompile>
    <ClCompile Include="menu_base.cpp">
      <Filter>Source Files\Scenes\Base</Filter>
    </ClCompile>
    <ClCompile Include="scene.cpp">
      <Filter>Source Files\Scenes\Base</Filter>
    </ClCompile>
    <ClCompile Include="level_base.cpp">
      <Filter>Source Files\Scenes\Base</Filter>
    </ClCompile>
    <ClCompile Include="level1.cpp">
      <Filter>Source Files\Scenes</Filter>
    </ClCompile>
    <ClCompile Include="game_object.cpp">
      <Filter>Source Files\Base</Filter>
    </ClCompile>
    <ClCompile Include="character.cpp">
      <Filter>Source Files\Game</Filter>
    </ClCompile>
    <ClCompile Include="player.cpp">
      <Filter>Source Files\Game</Filter>
    </ClCompile>
    <ClCompile Include="main_menu.cpp">
      <Filter>Source Files\Scenes</Filter>
    </ClCompile>
    <ClCompile Include="gc_weapon.cpp">
      <Filter>Source Files\Game\weapons</Filter>
    </ClCompile>
    <ClCompile Include="heart_weapon.cpp">
      <Filter>Source Files\Game\weapons</Filter>
    </ClCompile>
    <ClCompile Include="gc_projectile.cpp">
      <Filter>Source Files\Game\projectiles</Filter>
    </ClCompile>
    <ClCompile Include="heart_projectile.cpp">
      <Filter>Source Files\Game\projectiles</Filter>
    </ClCompile>
    <ClCompile Include="protectile.cpp">
      <Filter>Source Files\Game\projectiles</Filter>
    </ClCompile>
    <ClCompile Include="weapon.cpp">
      <Filter>Source Files\Game\weapons</Filter>
    </ClCompile>
    <ClCompile Include="enemy.cpp">
      <Filter>Source Files\Game\enemies</Filter>
    </ClCompile>
    <ClCompile Include="GC_enemy.cpp">
      <Filter>Source Files\Game\enemies</Filter>
    </ClCompile>
    <ClCompile Include="orc_enemy.cpp">
      <Filter>Source Files\Game\enemies</Filter>
    </ClCompile>
    <ClCompile Include="orc_weapon.cpp">
      <Filter>Source Files\Game\weapons</Filter>
    </ClCompile>
    <ClCompile Include="orc_projectile.cpp">
      <Filter>Source Files\Game\projectiles</Filter>
    </ClCompile>
    <ClCompile Include="ken_enemy.cpp">
      <Filter>Source Files\Game\enemies</Filter>
    </ClCompile>
    <ClCompile Include="ken_weapon.cpp">
      <Filter>Source Files\Game\weapons</Filter>
    </ClCompile>
    <ClCompile Include="ken_projectile.cpp">
      <Filter>Source Files\Game\projectiles</Filter>
    </ClCompile>
    <ClCompile Include="collision.cpp">
      <Filter>Source Files\Other</Filter>
    </ClCompile>
    <ClCompile Include="wave.cpp">
      <Filter>Source Files\Game</Filter>
    </ClCompile>
    <ClCompile Include="lol_enemy.cpp">
      <Filter>Source Files\Game\enemies</Filter>
    </ClCompile>
    <ClCompile Include="lol_weapon.cpp">
      <Filter>Source Files\Game\weapons</Filter>
    </ClCompile>
    <ClCompile Include="lol_projectile.cpp">
      <Filter>Source Files\Game\projectiles</Filter>
    </ClCompile>
    <ClCompile Include="hud.cpp">
      <Filter>Source Files\Game\hud</Filter>
    </ClCompile>
    <ClCompile Include="subject.cpp">
      <Filter>Source Files\Other</Filter>
    </ClCompile>
    <ClCompile Include="cloud9_enemy.cpp">
      <Filter>Source Files\Game\enemies</Filter>
    </ClCompile>
    <ClCompile Include="cloud9_weapon.cpp">
      <Filter>Source Files\Game\weapons</Filter>
    </ClCompile>
    <ClCompile Include="collidable_object.cpp">
      <Filter>Source Files\Base</Filter>
    </ClCompile>
    <ClCompile Include="powerup.cpp">
      <Filter>Source Files\Game\powerups</Filter>
    </ClCompile>
    <ClCompile Include="non_character.cpp">
      <Filter>Source Files\Base</Filter>
    </ClCompile>
  </ItemGroup>
  <ItemGroup>
    <ResourceCompile Include="SFML_Template.rc">
      <Filter>Resource Files</Filter>
    </ResourceCompile>
  </ItemGroup>
</Project>